
Microsoft Visual Studio Solution File, Format Version 12.00
# Visual Studio Version 17
VisualStudioVersion = 17.1.32319.34
MinimumVisualStudioVersion = 10.0.40219.1
Project("{FAE04EC0-301F-11D3-BF4B-00C04F79EFBC}") = "Lab1", "Lab1\Lab1.csproj", "{591DAF59-0641-4C18-9A5B-C21598D7EF6C}"
EndProject
Project("{FAE04EC0-301F-11D3-BF4B-00C04F79EFBC}") = "CalculatorTests", "CalculatorTests\CalculatorTests.csproj", "{1A87E4FC-0A45-477E-9221-A330E14325B8}"
EndProject
Global
	GlobalSection(SolutionConfigurationPlatforms) = preSolution
		Debug|Any CPU = Debug|Any CPU
		Release|Any CPU = Release|Any CPU
	EndGlobalSection
	GlobalSection(ProjectConfigurationPlatforms) = postSolution
		{591DAF59-0641-4C18-9A5B-C21598D7EF6C}.Debug|Any CPU.ActiveCfg = Debug|Any CPU
		{591DAF59-0641-4C18-9A5B-C21598D7EF6C}.Debug|Any CPU.Build.0 = Debug|Any CPU
		{591DAF59-0641-4C18-9A5B-C21598D7EF6C}.Release|Any CPU.ActiveCfg = Release|Any CPU
		{591DAF59-0641-4C18-9A5B-C21598D7EF6C}.Release|Any CPU.Build.0 = Release|Any CPU
		{1A87E4FC-0A45-477E-9221-A330E14325B8}.Debug|Any CPU.ActiveCfg = Debug|Any CPU
		{1A87E4FC-0A45-477E-9221-A330E14325B8}.Debug|Any CPU.Build.0 = Debug|Any CPU
		{1A87E4FC-0A45-477E-9221-A330E14325B8}.Release|Any CPU.ActiveCfg = Release|Any CPU
		{1A87E4FC-0A45-477E-9221-A330E14325B8}.Release|Any CPU.Build.0 = Release|Any CPU
	EndGlobalSection
	GlobalSection(SolutionProperties) = preSolution
		HideSolutionNode = FALSE
	EndGlobalSection
	GlobalSection(ExtensibilityGlobals) = postSolution
		SolutionGuid = {81313379-4C33-43ED-BC85-FEE7682D0BBF}
	EndGlobalSection
EndGlobal
