
Microsoft Visual Studio Solution File, Format Version 12.00
# Visual Studio Version 17
VisualStudioVersion = 17.1.32319.34
MinimumVisualStudioVersion = 10.0.40219.1
Project("{9A19103F-16F7-4668-BE54-9A1E7A4F7556}") = "ProjectTask1", "ProjectTask1\ProjectTask1.csproj", "{137B08BF-F16E-4F97-930C-CAC46956CA54}"
EndProject
Project("{9A19103F-16F7-4668-BE54-9A1E7A4F7556}") = "TestProjectTask1", "TestProjectTask1\TestProjectTask1.csproj", "{6DF120A9-A2EA-426D-8942-2EB6410C2E90}"
EndProject
Project("{2150E333-8FDC-42A3-9474-1A3956D46DE8}") = "Solution Items", "Solution Items", "{FC0FCDF3-9D69-4C87-8B32-2AB845C128B7}"
	ProjectSection(SolutionItems) = preProject
		README.md = README.md
	EndProjectSection
EndProject
Project("{FAE04EC0-301F-11D3-BF4B-00C04F79EFBC}") = "Task2", "..\Task2\Task2.csproj", "{FA6882D5-27B8-44E7-81C9-8EC54264A972}"
EndProject
Global
	GlobalSection(SolutionConfigurationPlatforms) = preSolution
		Debug|Any CPU = Debug|Any CPU
		Release|Any CPU = Release|Any CPU
	EndGlobalSection
	GlobalSection(ProjectConfigurationPlatforms) = postSolution
		{137B08BF-F16E-4F97-930C-CAC46956CA54}.Debug|Any CPU.ActiveCfg = Debug|Any CPU
		{137B08BF-F16E-4F97-930C-CAC46956CA54}.Debug|Any CPU.Build.0 = Debug|Any CPU
		{137B08BF-F16E-4F97-930C-CAC46956CA54}.Release|Any CPU.ActiveCfg = Release|Any CPU
		{137B08BF-F16E-4F97-930C-CAC46956CA54}.Release|Any CPU.Build.0 = Release|Any CPU
		{6DF120A9-A2EA-426D-8942-2EB6410C2E90}.Debug|Any CPU.ActiveCfg = Debug|Any CPU
		{6DF120A9-A2EA-426D-8942-2EB6410C2E90}.Debug|Any CPU.Build.0 = Debug|Any CPU
		{6DF120A9-A2EA-426D-8942-2EB6410C2E90}.Release|Any CPU.ActiveCfg = Release|Any CPU
		{6DF120A9-A2EA-426D-8942-2EB6410C2E90}.Release|Any CPU.Build.0 = Release|Any CPU
		{FA6882D5-27B8-44E7-81C9-8EC54264A972}.Debug|Any CPU.ActiveCfg = Debug|Any CPU
		{FA6882D5-27B8-44E7-81C9-8EC54264A972}.Debug|Any CPU.Build.0 = Debug|Any CPU
		{FA6882D5-27B8-44E7-81C9-8EC54264A972}.Release|Any CPU.ActiveCfg = Release|Any CPU
		{FA6882D5-27B8-44E7-81C9-8EC54264A972}.Release|Any CPU.Build.0 = Release|Any CPU
	EndGlobalSection
	GlobalSection(SolutionProperties) = preSolution
		HideSolutionNode = FALSE
	EndGlobalSection
	GlobalSection(ExtensibilityGlobals) = postSolution
		SolutionGuid = {81313379-4C33-43ED-BC85-FEE7682D0BBF}
	EndGlobalSection
EndGlobal
