
Microsoft Visual Studio Solution File, Format Version 12.00
# Visual Studio Version 17
VisualStudioVersion = 17.1.32319.34
MinimumVisualStudioVersion = 10.0.40219.1
Project("{FAE04EC0-301F-11D3-BF4B-00C04F79EFBC}") = "Service", "Service\Service.csproj", "{DC2CDD98-7443-4710-8B0C-E9745AB7F07A}"
	ProjectSection(ProjectDependencies) = postProject
		{897D2A21-7FCB-49F5-9814-772D59F6CF32} = {897D2A21-7FCB-49F5-9814-772D59F6CF32}
	EndProjectSection
EndProject
Project("{FAE04EC0-301F-11D3-BF4B-00C04F79EFBC}") = "Data", "Data\Data.csproj", "{897D2A21-7FCB-49F5-9814-772D59F6CF32}"
EndProject
Project("{FAE04EC0-301F-11D3-BF4B-00C04F79EFBC}") = "Presentation", "..\Presentation\Presentation.csproj", "{01C9C2D9-A87D-4134-9191-70402055C184}"
EndProject
Global
	GlobalSection(SolutionConfigurationPlatforms) = preSolution
		Debug|Any CPU = Debug|Any CPU
		Release|Any CPU = Release|Any CPU
	EndGlobalSection
	GlobalSection(ProjectConfigurationPlatforms) = postSolution
		{DC2CDD98-7443-4710-8B0C-E9745AB7F07A}.Debug|Any CPU.ActiveCfg = Debug|Any CPU
		{DC2CDD98-7443-4710-8B0C-E9745AB7F07A}.Debug|Any CPU.Build.0 = Debug|Any CPU
		{DC2CDD98-7443-4710-8B0C-E9745AB7F07A}.Release|Any CPU.ActiveCfg = Release|Any CPU
		{DC2CDD98-7443-4710-8B0C-E9745AB7F07A}.Release|Any CPU.Build.0 = Release|Any CPU
		{897D2A21-7FCB-49F5-9814-772D59F6CF32}.Debug|Any CPU.ActiveCfg = Debug|Any CPU
		{897D2A21-7FCB-49F5-9814-772D59F6CF32}.Debug|Any CPU.Build.0 = Debug|Any CPU
		{897D2A21-7FCB-49F5-9814-772D59F6CF32}.Release|Any CPU.ActiveCfg = Release|Any CPU
		{897D2A21-7FCB-49F5-9814-772D59F6CF32}.Release|Any CPU.Build.0 = Release|Any CPU
		{01C9C2D9-A87D-4134-9191-70402055C184}.Debug|Any CPU.ActiveCfg = Debug|Any CPU
		{01C9C2D9-A87D-4134-9191-70402055C184}.Debug|Any CPU.Build.0 = Debug|Any CPU
		{01C9C2D9-A87D-4134-9191-70402055C184}.Release|Any CPU.ActiveCfg = Release|Any CPU
		{01C9C2D9-A87D-4134-9191-70402055C184}.Release|Any CPU.Build.0 = Release|Any CPU
	EndGlobalSection
	GlobalSection(SolutionProperties) = preSolution
		HideSolutionNode = FALSE
	EndGlobalSection
	GlobalSection(ExtensibilityGlobals) = postSolution
		SolutionGuid = {F4EBD24F-BFA1-4975-9E30-5C189A5C818F}
	EndGlobalSection
EndGlobal
